
Microsoft Visual Studio Solution File, Format Version 12.00
# Visual Studio Version 17
VisualStudioVersion = 17.0.31903.59
MinimumVisualStudioVersion = 10.0.40219.1
Project("{2150E333-8FDC-42A3-9474-1A3956D46DE8}") = "src", "src", "{F36BD266-CD75-4438-9BF9-CD91CDB18F2B}"
EndProject
Project("{2150E333-8FDC-42A3-9474-1A3956D46DE8}") = "Solution Items", "Solution Items", "{60C53DF6-757D-4EE2-AFD2-0966CAD00C46}"
	ProjectSection(SolutionItems) = preProject
		README.md = README.md
	EndProjectSection
EndProject
Project("{9A19103F-16F7-4668-BE54-9A1E7A4F7556}") = "PaymentGateway.WebApi", "src\PaymentGateway.WebApi\PaymentGateway.WebApi.csproj", "{3FC02B5B-6255-4A6B-AD9F-21C360891EF6}"
EndProject
Project("{2150E333-8FDC-42A3-9474-1A3956D46DE8}") = "tests", "tests", "{0839AF28-D9A1-4838-B27F-BAB0954BCCA4}"
EndProject
Project("{9A19103F-16F7-4668-BE54-9A1E7A4F7556}") = "PaymentGateway.WebApi.Tests", "tests\PaymentGateway.WebApi.Tests\PaymentGateway.WebApi.Tests.csproj", "{5F0FB197-93B1-4CB0-9683-8590A21928D1}"
EndProject
Project("{2150E333-8FDC-42A3-9474-1A3956D46DE8}") = "Core", "Core", "{4BA2EA41-A525-4982-BF6A-11D25DC33BF0}"
EndProject
Project("{2150E333-8FDC-42A3-9474-1A3956D46DE8}") = "Infrastructure", "Infrastructure", "{B0961570-AB0A-4882-BF50-0DEEBBA0DEE2}"
EndProject
Project("{9A19103F-16F7-4668-BE54-9A1E7A4F7556}") = "PaymentGateway.Domain", "src\PaymentGateway.Domain\PaymentGateway.Domain.csproj", "{E2B0E331-9B2D-41F5-BE46-E71196F4FA3F}"
EndProject
Project("{9A19103F-16F7-4668-BE54-9A1E7A4F7556}") = "PaymentGateway.ApplicationCore", "src\PaymentGateway.ApplicationCore\PaymentGateway.ApplicationCore.csproj", "{D8F0D7B3-C663-45FE-B4F3-351E7A0FC019}"
EndProject
Project("{9A19103F-16F7-4668-BE54-9A1E7A4F7556}") = "PaymentGateway.Adapters.AcquiringBank", "src\PaymentGateway.Adapters.AcquiringBank\PaymentGateway.Adapters.AcquiringBank.csproj", "{47880639-2D05-4F13-A59C-68D2D5E039C1}"
EndProject
Project("{9A19103F-16F7-4668-BE54-9A1E7A4F7556}") = "PaymentGateway.Persistence.InMemory", "src\PaymentGateway.Persistence.InMemory\PaymentGateway.Persistence.InMemory.csproj", "{DBDCF567-6E14-4651-BF0D-97CF4EADD78E}"
EndProject
Project("{9A19103F-16F7-4668-BE54-9A1E7A4F7556}") = "PaymentGateway.Utils", "src\PaymentGateway.Utils\PaymentGateway.Utils.csproj", "{11370230-353F-4F9F-A88E-A3BEFB132AC1}"
EndProject
Global
	GlobalSection(SolutionConfigurationPlatforms) = preSolution
		Debug|Any CPU = Debug|Any CPU
		Release|Any CPU = Release|Any CPU
	EndGlobalSection
	GlobalSection(ProjectConfigurationPlatforms) = postSolution
		{3FC02B5B-6255-4A6B-AD9F-21C360891EF6}.Debug|Any CPU.ActiveCfg = Debug|Any CPU
		{3FC02B5B-6255-4A6B-AD9F-21C360891EF6}.Debug|Any CPU.Build.0 = Debug|Any CPU
		{3FC02B5B-6255-4A6B-AD9F-21C360891EF6}.Release|Any CPU.ActiveCfg = Release|Any CPU
		{3FC02B5B-6255-4A6B-AD9F-21C360891EF6}.Release|Any CPU.Build.0 = Release|Any CPU
		{5F0FB197-93B1-4CB0-9683-8590A21928D1}.Debug|Any CPU.ActiveCfg = Debug|Any CPU
		{5F0FB197-93B1-4CB0-9683-8590A21928D1}.Debug|Any CPU.Build.0 = Debug|Any CPU
		{5F0FB197-93B1-4CB0-9683-8590A21928D1}.Release|Any CPU.ActiveCfg = Release|Any CPU
		{5F0FB197-93B1-4CB0-9683-8590A21928D1}.Release|Any CPU.Build.0 = Release|Any CPU
		{E2B0E331-9B2D-41F5-BE46-E71196F4FA3F}.Debug|Any CPU.ActiveCfg = Debug|Any CPU
		{E2B0E331-9B2D-41F5-BE46-E71196F4FA3F}.Debug|Any CPU.Build.0 = Debug|Any CPU
		{E2B0E331-9B2D-41F5-BE46-E71196F4FA3F}.Release|Any CPU.ActiveCfg = Release|Any CPU
		{E2B0E331-9B2D-41F5-BE46-E71196F4FA3F}.Release|Any CPU.Build.0 = Release|Any CPU
		{D8F0D7B3-C663-45FE-B4F3-351E7A0FC019}.Debug|Any CPU.ActiveCfg = Debug|Any CPU
		{D8F0D7B3-C663-45FE-B4F3-351E7A0FC019}.Debug|Any CPU.Build.0 = Debug|Any CPU
		{D8F0D7B3-C663-45FE-B4F3-351E7A0FC019}.Release|Any CPU.ActiveCfg = Release|Any CPU
		{D8F0D7B3-C663-45FE-B4F3-351E7A0FC019}.Release|Any CPU.Build.0 = Release|Any CPU
		{47880639-2D05-4F13-A59C-68D2D5E039C1}.Debug|Any CPU.ActiveCfg = Debug|Any CPU
		{47880639-2D05-4F13-A59C-68D2D5E039C1}.Debug|Any CPU.Build.0 = Debug|Any CPU
		{47880639-2D05-4F13-A59C-68D2D5E039C1}.Release|Any CPU.ActiveCfg = Release|Any CPU
		{47880639-2D05-4F13-A59C-68D2D5E039C1}.Release|Any CPU.Build.0 = Release|Any CPU
		{DBDCF567-6E14-4651-BF0D-97CF4EADD78E}.Debug|Any CPU.ActiveCfg = Debug|Any CPU
		{DBDCF567-6E14-4651-BF0D-97CF4EADD78E}.Debug|Any CPU.Build.0 = Debug|Any CPU
		{DBDCF567-6E14-4651-BF0D-97CF4EADD78E}.Release|Any CPU.ActiveCfg = Release|Any CPU
		{DBDCF567-6E14-4651-BF0D-97CF4EADD78E}.Release|Any CPU.Build.0 = Release|Any CPU
		{11370230-353F-4F9F-A88E-A3BEFB132AC1}.Debug|Any CPU.ActiveCfg = Debug|Any CPU
		{11370230-353F-4F9F-A88E-A3BEFB132AC1}.Debug|Any CPU.Build.0 = Debug|Any CPU
		{11370230-353F-4F9F-A88E-A3BEFB132AC1}.Release|Any CPU.ActiveCfg = Release|Any CPU
		{11370230-353F-4F9F-A88E-A3BEFB132AC1}.Release|Any CPU.Build.0 = Release|Any CPU
	EndGlobalSection
	GlobalSection(SolutionProperties) = preSolution
		HideSolutionNode = FALSE
	EndGlobalSection
	GlobalSection(NestedProjects) = preSolution
		{3FC02B5B-6255-4A6B-AD9F-21C360891EF6} = {F36BD266-CD75-4438-9BF9-CD91CDB18F2B}
		{5F0FB197-93B1-4CB0-9683-8590A21928D1} = {0839AF28-D9A1-4838-B27F-BAB0954BCCA4}
		{4BA2EA41-A525-4982-BF6A-11D25DC33BF0} = {F36BD266-CD75-4438-9BF9-CD91CDB18F2B}
		{B0961570-AB0A-4882-BF50-0DEEBBA0DEE2} = {F36BD266-CD75-4438-9BF9-CD91CDB18F2B}
		{E2B0E331-9B2D-41F5-BE46-E71196F4FA3F} = {4BA2EA41-A525-4982-BF6A-11D25DC33BF0}
		{D8F0D7B3-C663-45FE-B4F3-351E7A0FC019} = {4BA2EA41-A525-4982-BF6A-11D25DC33BF0}
		{47880639-2D05-4F13-A59C-68D2D5E039C1} = {B0961570-AB0A-4882-BF50-0DEEBBA0DEE2}
		{DBDCF567-6E14-4651-BF0D-97CF4EADD78E} = {B0961570-AB0A-4882-BF50-0DEEBBA0DEE2}
		{11370230-353F-4F9F-A88E-A3BEFB132AC1} = {F36BD266-CD75-4438-9BF9-CD91CDB18F2B}
	EndGlobalSection
	GlobalSection(ExtensibilityGlobals) = postSolution
		SolutionGuid = {DB76B7FD-9753-41B1-B1CE-5004F32DCEC5}
	EndGlobalSection
EndGlobal
